// !$*UTF8*$!
{
	archiveVersion = 1;
	classes = {
	};
	objectVersion = 50;
	objects = {

/* Begin PBXBuildFile section */
		925471C525C9FA8E007D50DB /* main.cpp in Sources */ = {isa = PBXBuildFile; fileRef = 925471C425C9FA8E007D50DB /* main.cpp */; };
		925471EB25CC8049007D50DB /* RtAudio.cpp in Sources */ = {isa = PBXBuildFile; fileRef = 925471EA25CC8049007D50DB /* RtAudio.cpp */; };
		925471EF25CC80A9007D50DB /* CoreAudio.framework in Frameworks */ = {isa = PBXBuildFile; fileRef = 925471EE25CC80A9007D50DB /* CoreAudio.framework */; };
		925471F225CC80DD007D50DB /* CoreFoundation.framework in Frameworks */ = {isa = PBXBuildFile; fileRef = 925471F125CC80DD007D50DB /* CoreFoundation.framework */; };
		92D9B3F02E40564400DB95A3 /* jscs_sexpr.cpp in Sources */ = {isa = PBXBuildFile; fileRef = 92D9B3EF2E40564400DB95A3 /* jscs_sexpr.cpp */; };
		92D9B3F32E49033A00DB95A3 /* jscs_sexpr_binary_buffer.cpp in Sources */ = {isa = PBXBuildFile; fileRef = 92D9B3F22E49033A00DB95A3 /* jscs_sexpr_binary_buffer.cpp */; };
		92FEAB4D2E28336C00E9D44F /* jscs_command.cpp in Sources */ = {isa = PBXBuildFile; fileRef = 92FEAB4B2E28336C00E9D44F /* jscs_command.cpp */; };
		92FEAB4F2E2836DE00E9D44F /* jscs_client_interface.cpp in Sources */ = {isa = PBXBuildFile; fileRef = 92FEAB4E2E2836DE00E9D44F /* jscs_client_interface.cpp */; };
		92FEAB562E28426500E9D44F /* jscs_silo.cpp in Sources */ = {isa = PBXBuildFile; fileRef = 92FEAB542E28426500E9D44F /* jscs_silo.cpp */; };
		92FEAB592E28472200E9D44F /* jscs_engine.cpp in Sources */ = {isa = PBXBuildFile; fileRef = 92FEAB572E28472200E9D44F /* jscs_engine.cpp */; };
		92FEAB5B2E284AFA00E9D44F /* jscs_node.cpp in Sources */ = {isa = PBXBuildFile; fileRef = 92FEAB5A2E284AFA00E9D44F /* jscs_node.cpp */; };
		92FEAB612E284C6600E9D44F /* jscs_xfader.cpp in Sources */ = {isa = PBXBuildFile; fileRef = 92FEAB5F2E284C6600E9D44F /* jscs_xfader.cpp */; };
/* End PBXBuildFile section */

/* Begin PBXCopyFilesBuildPhase section */
		925471BF25C9FA8E007D50DB /* CopyFiles */ = {
			isa = PBXCopyFilesBuildPhase;
			buildActionMask = 2147483647;
			dstPath = /usr/share/man/man1/;
			dstSubfolderSpec = 0;
			files = (
			);
			runOnlyForDeploymentPostprocessing = 1;
		};
/* End PBXCopyFilesBuildPhase section */

/* Begin PBXFileReference section */
		9232AC0B28470D1A0072DEDC /* jscs_random.hpp */ = {isa = PBXFileReference; lastKnownFileType = sourcecode.cpp.h; path = jscs_random.hpp; sourceTree = "<group>"; };
		925471C125C9FA8E007D50DB /* new_jscs_engine_one_file */ = {isa = PBXFileReference; explicitFileType = "compiled.mach-o.executable"; includeInIndex = 0; path = new_jscs_engine_one_file; sourceTree = BUILT_PRODUCTS_DIR; };
		925471C425C9FA8E007D50DB /* main.cpp */ = {isa = PBXFileReference; lastKnownFileType = sourcecode.cpp.cpp; path = main.cpp; sourceTree = "<group>"; };
		925471CD25C9FAB9007D50DB /* jscs_common.hpp */ = {isa = PBXFileReference; lastKnownFileType = sourcecode.cpp.h; path = jscs_common.hpp; sourceTree = "<group>"; };
		925471D025CA0521007D50DB /* jscs_plugin_interface.hpp */ = {isa = PBXFileReference; lastKnownFileType = sourcecode.cpp.h; path = jscs_plugin_interface.hpp; sourceTree = "<group>"; };
		925471E925CC8049007D50DB /* RtAudio.h */ = {isa = PBXFileReference; fileEncoding = 4; lastKnownFileType = sourcecode.c.h; path = RtAudio.h; sourceTree = "<group>"; };
		925471EA25CC8049007D50DB /* RtAudio.cpp */ = {isa = PBXFileReference; fileEncoding = 4; lastKnownFileType = sourcecode.cpp.cpp; path = RtAudio.cpp; sourceTree = "<group>"; };
		925471EE25CC80A9007D50DB /* CoreAudio.framework */ = {isa = PBXFileReference; lastKnownFileType = wrapper.framework; name = CoreAudio.framework; path = System/Library/Frameworks/CoreAudio.framework; sourceTree = SDKROOT; };
		925471F125CC80DD007D50DB /* CoreFoundation.framework */ = {isa = PBXFileReference; lastKnownFileType = wrapper.framework; name = CoreFoundation.framework; path = System/Library/Frameworks/CoreFoundation.framework; sourceTree = SDKROOT; };
		925471F525CCBCC2007D50DB /* jscs_client_interface.hpp */ = {isa = PBXFileReference; lastKnownFileType = sourcecode.cpp.h; path = jscs_client_interface.hpp; sourceTree = "<group>"; };
		926AAC6A2E299D130067AA6F /* jscs_complex.hpp */ = {isa = PBXFileReference; lastKnownFileType = sourcecode.cpp.h; path = jscs_complex.hpp; sourceTree = "<group>"; };
		92D9B3EE2E40564400DB95A3 /* jscs_sexpr.hpp */ = {isa = PBXFileReference; lastKnownFileType = sourcecode.cpp.h; path = jscs_sexpr.hpp; sourceTree = "<group>"; };
		92D9B3EF2E40564400DB95A3 /* jscs_sexpr.cpp */ = {isa = PBXFileReference; lastKnownFileType = sourcecode.cpp.cpp; path = jscs_sexpr.cpp; sourceTree = "<group>"; };
		92D9B3F12E49033A00DB95A3 /* jscs_sexpr_binary_buffer.hpp */ = {isa = PBXFileReference; lastKnownFileType = sourcecode.cpp.h; path = jscs_sexpr_binary_buffer.hpp; sourceTree = "<group>"; };
		92D9B3F22E49033A00DB95A3 /* jscs_sexpr_binary_buffer.cpp */ = {isa = PBXFileReference; lastKnownFileType = sourcecode.cpp.cpp; path = jscs_sexpr_binary_buffer.cpp; sourceTree = "<group>"; };
		92FEAB4B2E28336C00E9D44F /* jscs_command.cpp */ = {isa = PBXFileReference; lastKnownFileType = sourcecode.cpp.cpp; path = jscs_command.cpp; sourceTree = "<group>"; };
		92FEAB4C2E28336C00E9D44F /* jscs_command.hpp */ = {isa = PBXFileReference; lastKnownFileType = sourcecode.cpp.h; path = jscs_command.hpp; sourceTree = "<group>"; };
		92FEAB4E2E2836DE00E9D44F /* jscs_client_interface.cpp */ = {isa = PBXFileReference; lastKnownFileType = sourcecode.cpp.cpp; path = jscs_client_interface.cpp; sourceTree = "<group>"; };
		92FEAB502E2838C400E9D44F /* jscs_hash.hpp */ = {isa = PBXFileReference; lastKnownFileType = sourcecode.cpp.h; path = jscs_hash.hpp; sourceTree = "<group>"; };
		92FEAB512E283A0900E9D44F /* jscs_atomic_fifo.hpp */ = {isa = PBXFileReference; lastKnownFileType = sourcecode.cpp.h; path = jscs_atomic_fifo.hpp; sourceTree = "<group>"; };
		92FEAB522E283C9400E9D44F /* jscs_node.hpp */ = {isa = PBXFileReference; lastKnownFileType = sourcecode.cpp.h; path = jscs_node.hpp; sourceTree = "<group>"; };
		92FEAB532E2840B100E9D44F /* jscs_command_subclasses.hpp */ = {isa = PBXFileReference; lastKnownFileType = sourcecode.cpp.h; path = jscs_command_subclasses.hpp; sourceTree = "<group>"; };
		92FEAB542E28426500E9D44F /* jscs_silo.cpp */ = {isa = PBXFileReference; lastKnownFileType = sourcecode.cpp.cpp; path = jscs_silo.cpp; sourceTree = "<group>"; };
		92FEAB552E28426500E9D44F /* jscs_silo.hpp */ = {isa = PBXFileReference; lastKnownFileType = sourcecode.cpp.h; path = jscs_silo.hpp; sourceTree = "<group>"; };
		92FEAB572E28472200E9D44F /* jscs_engine.cpp */ = {isa = PBXFileReference; lastKnownFileType = sourcecode.cpp.cpp; path = jscs_engine.cpp; sourceTree = "<group>"; };
		92FEAB582E28472200E9D44F /* jscs_engine.hpp */ = {isa = PBXFileReference; lastKnownFileType = sourcecode.cpp.h; path = jscs_engine.hpp; sourceTree = "<group>"; };
		92FEAB5A2E284AFA00E9D44F /* jscs_node.cpp */ = {isa = PBXFileReference; lastKnownFileType = sourcecode.cpp.cpp; path = jscs_node.cpp; sourceTree = "<group>"; };
		92FEAB5F2E284C6600E9D44F /* jscs_xfader.cpp */ = {isa = PBXFileReference; lastKnownFileType = sourcecode.cpp.cpp; path = jscs_xfader.cpp; sourceTree = "<group>"; };
		92FEAB602E284C6600E9D44F /* jscs_xfader.hpp */ = {isa = PBXFileReference; lastKnownFileType = sourcecode.cpp.h; path = jscs_xfader.hpp; sourceTree = "<group>"; };
/* End PBXFileReference section */

/* Begin PBXFrameworksBuildPhase section */
		925471BE25C9FA8E007D50DB /* Frameworks */ = {
			isa = PBXFrameworksBuildPhase;
			buildActionMask = 2147483647;
			files = (
				925471F225CC80DD007D50DB /* CoreFoundation.framework in Frameworks */,
				925471EF25CC80A9007D50DB /* CoreAudio.framework in Frameworks */,
			);
			runOnlyForDeploymentPostprocessing = 0;
		};
/* End PBXFrameworksBuildPhase section */

/* Begin PBXGroup section */
		925471B825C9FA8E007D50DB = {
			isa = PBXGroup;
			children = (
				925471C325C9FA8E007D50DB /* audio-engine */,
				925471C225C9FA8E007D50DB /* Products */,
				925471ED25CC80A9007D50DB /* Frameworks */,
			);
			sourceTree = "<group>";
		};
		925471C225C9FA8E007D50DB /* Products */ = {
			isa = PBXGroup;
			children = (
				925471C125C9FA8E007D50DB /* new_jscs_engine_one_file */,
			);
			name = Products;
			sourceTree = "<group>";
		};
		925471C325C9FA8E007D50DB /* audio-engine */ = {
			isa = PBXGroup;
			children = (
				925471C425C9FA8E007D50DB /* main.cpp */,
				925471E925CC8049007D50DB /* RtAudio.h */,
				925471EA25CC8049007D50DB /* RtAudio.cpp */,
				92FEAB512E283A0900E9D44F /* jscs_atomic_fifo.hpp */,
				925471F525CCBCC2007D50DB /* jscs_client_interface.hpp */,
				92FEAB4E2E2836DE00E9D44F /* jscs_client_interface.cpp */,
				92FEAB4C2E28336C00E9D44F /* jscs_command.hpp */,
				92FEAB4B2E28336C00E9D44F /* jscs_command.cpp */,
				92FEAB532E2840B100E9D44F /* jscs_command_subclasses.hpp */,
				925471CD25C9FAB9007D50DB /* jscs_common.hpp */,
				926AAC6A2E299D130067AA6F /* jscs_complex.hpp */,
				92FEAB582E28472200E9D44F /* jscs_engine.hpp */,
				92FEAB572E28472200E9D44F /* jscs_engine.cpp */,
				92FEAB502E2838C400E9D44F /* jscs_hash.hpp */,
				92FEAB522E283C9400E9D44F /* jscs_node.hpp */,
				92FEAB5A2E284AFA00E9D44F /* jscs_node.cpp */,
				925471D025CA0521007D50DB /* jscs_plugin_interface.hpp */,
				9232AC0B28470D1A0072DEDC /* jscs_random.hpp */,
				92D9B3EE2E40564400DB95A3 /* jscs_sexpr.hpp */,
				92D9B3EF2E40564400DB95A3 /* jscs_sexpr.cpp */,
				92D9B3F12E49033A00DB95A3 /* jscs_sexpr_binary_buffer.hpp */,
				92D9B3F22E49033A00DB95A3 /* jscs_sexpr_binary_buffer.cpp */,
				92FEAB552E28426500E9D44F /* jscs_silo.hpp */,
				92FEAB542E28426500E9D44F /* jscs_silo.cpp */,
				92FEAB602E284C6600E9D44F /* jscs_xfader.hpp */,
				92FEAB5F2E284C6600E9D44F /* jscs_xfader.cpp */,
			);
			path = "audio-engine";
			sourceTree = "<group>";
		};
		925471ED25CC80A9007D50DB /* Frameworks */ = {
			isa = PBXGroup;
			children = (
				925471F125CC80DD007D50DB /* CoreFoundation.framework */,
				925471EE25CC80A9007D50DB /* CoreAudio.framework */,
			);
			name = Frameworks;
			sourceTree = "<group>";
		};
/* End PBXGroup section */

/* Begin PBXNativeTarget section */
		925471C025C9FA8E007D50DB /* new_jscs_engine_one_file */ = {
			isa = PBXNativeTarget;
			buildConfigurationList = 925471C825C9FA8E007D50DB /* Build configuration list for PBXNativeTarget "new_jscs_engine_one_file" */;
			buildPhases = (
				925471BD25C9FA8E007D50DB /* Sources */,
				925471BE25C9FA8E007D50DB /* Frameworks */,
				925471BF25C9FA8E007D50DB /* CopyFiles */,
			);
			buildRules = (
			);
			dependencies = (
			);
			name = new_jscs_engine_one_file;
			productName = new_jscs_engine_one_file;
			productReference = 925471C125C9FA8E007D50DB /* new_jscs_engine_one_file */;
			productType = "com.apple.product-type.tool";
		};
/* End PBXNativeTarget section */

/* Begin PBXProject section */
		925471B925C9FA8E007D50DB /* Project object */ = {
			isa = PBXProject;
			attributes = {
				LastUpgradeCheck = 1230;
				TargetAttributes = {
					925471C025C9FA8E007D50DB = {
						CreatedOnToolsVersion = 12.3;
					};
				};
			};
			buildConfigurationList = 925471BC25C9FA8E007D50DB /* Build configuration list for PBXProject "new_jscs_engine_one_file" */;
			compatibilityVersion = "Xcode 9.3";
			developmentRegion = en;
			hasScannedForEncodings = 0;
			knownRegions = (
				en,
				Base,
			);
			mainGroup = 925471B825C9FA8E007D50DB;
			productRefGroup = 925471C225C9FA8E007D50DB /* Products */;
			projectDirPath = "";
			projectRoot = "";
			targets = (
				925471C025C9FA8E007D50DB /* new_jscs_engine_one_file */,
			);
		};
/* End PBXProject section */

/* Begin PBXSourcesBuildPhase section */
		925471BD25C9FA8E007D50DB /* Sources */ = {
			isa = PBXSourcesBuildPhase;
			buildActionMask = 2147483647;
			files = (
				92FEAB4D2E28336C00E9D44F /* jscs_command.cpp in Sources */,
				92D9B3F02E40564400DB95A3 /* jscs_sexpr.cpp in Sources */,
				92FEAB4F2E2836DE00E9D44F /* jscs_client_interface.cpp in Sources */,
				925471EB25CC8049007D50DB /* RtAudio.cpp in Sources */,
				92FEAB592E28472200E9D44F /* jscs_engine.cpp in Sources */,
				92D9B3F32E49033A00DB95A3 /* jscs_sexpr_binary_buffer.cpp in Sources */,
				92FEAB5B2E284AFA00E9D44F /* jscs_node.cpp in Sources */,
				92FEAB612E284C6600E9D44F /* jscs_xfader.cpp in Sources */,
				92FEAB562E28426500E9D44F /* jscs_silo.cpp in Sources */,
				925471C525C9FA8E007D50DB /* main.cpp in Sources */,
			);
			runOnlyForDeploymentPostprocessing = 0;
		};
/* End PBXSourcesBuildPhase section */

/* Begin XCBuildConfiguration section */
		925471C625C9FA8E007D50DB /* Debug */ = {
			isa = XCBuildConfiguration;
			buildSettings = {
				ALWAYS_SEARCH_USER_PATHS = NO;
				CLANG_ANALYZER_NONNULL = YES;
				CLANG_ANALYZER_NUMBER_OBJECT_CONVERSION = YES_AGGRESSIVE;
				CLANG_CXX_LANGUAGE_STANDARD = "c++17";
				CLANG_CXX_LIBRARY = "libc++";
				CLANG_ENABLE_MODULES = YES;
				CLANG_ENABLE_OBJC_ARC = YES;
				CLANG_ENABLE_OBJC_WEAK = YES;
				CLANG_WARN_BLOCK_CAPTURE_AUTORELEASING = YES;
				CLANG_WARN_BOOL_CONVERSION = YES;
				CLANG_WARN_COMMA = YES;
				CLANG_WARN_CONSTANT_CONVERSION = YES;
				CLANG_WARN_DEPRECATED_OBJC_IMPLEMENTATIONS = YES;
				CLANG_WARN_DIRECT_OBJC_ISA_USAGE = YES_ERROR;
				CLANG_WARN_DOCUMENTATION_COMMENTS = YES;
				CLANG_WARN_EMPTY_BODY = YES;
				CLANG_WARN_ENUM_CONVERSION = YES;
				CLANG_WARN_INFINITE_RECURSION = YES;
				CLANG_WARN_INT_CONVERSION = YES;
				CLANG_WARN_NON_LITERAL_NULL_CONVERSION = YES;
				CLANG_WARN_OBJC_IMPLICIT_RETAIN_SELF = YES;
				CLANG_WARN_OBJC_LITERAL_CONVERSION = YES;
				CLANG_WARN_OBJC_ROOT_CLASS = YES_ERROR;
				CLANG_WARN_QUOTED_INCLUDE_IN_FRAMEWORK_HEADER = YES;
				CLANG_WARN_RANGE_LOOP_ANALYSIS = YES;
				CLANG_WARN_STRICT_PROTOTYPES = YES;
				CLANG_WARN_SUSPICIOUS_MOVE = YES;
				CLANG_WARN_UNGUARDED_AVAILABILITY = YES_AGGRESSIVE;
				CLANG_WARN_UNREACHABLE_CODE = YES;
				CLANG_WARN__DUPLICATE_METHOD_MATCH = YES;
				COPY_PHASE_STRIP = NO;
				DEBUG_INFORMATION_FORMAT = dwarf;
				ENABLE_STRICT_OBJC_MSGSEND = YES;
				ENABLE_TESTABILITY = YES;
				GCC_C_LANGUAGE_STANDARD = gnu11;
				GCC_DYNAMIC_NO_PIC = NO;
				GCC_NO_COMMON_BLOCKS = YES;
				GCC_OPTIMIZATION_LEVEL = 0;
				GCC_PREPROCESSOR_DEFINITIONS = (
					"DEBUG=1",
					"$(inherited)",
				);
				GCC_WARN_64_TO_32_BIT_CONVERSION = YES;
				GCC_WARN_ABOUT_RETURN_TYPE = YES_ERROR;
				GCC_WARN_UNDECLARED_SELECTOR = YES;
				GCC_WARN_UNINITIALIZED_AUTOS = YES_AGGRESSIVE;
				GCC_WARN_UNUSED_FUNCTION = YES;
				GCC_WARN_UNUSED_VARIABLE = YES;
				MACOSX_DEPLOYMENT_TARGET = 10.15;
				MTL_ENABLE_DEBUG_INFO = INCLUDE_SOURCE;
				MTL_FAST_MATH = YES;
				ONLY_ACTIVE_ARCH = YES;
				SDKROOT = macosx;
			};
			name = Debug;
		};
		925471C725C9FA8E007D50DB /* Release */ = {
			isa = XCBuildConfiguration;
			buildSettings = {
				ALWAYS_SEARCH_USER_PATHS = NO;
				CLANG_ANALYZER_NONNULL = YES;
				CLANG_ANALYZER_NUMBER_OBJECT_CONVERSION = YES_AGGRESSIVE;
				CLANG_CXX_LANGUAGE_STANDARD = "c++17";
				CLANG_CXX_LIBRARY = "libc++";
				CLANG_ENABLE_MODULES = YES;
				CLANG_ENABLE_OBJC_ARC = YES;
				CLANG_ENABLE_OBJC_WEAK = YES;
				CLANG_WARN_BLOCK_CAPTURE_AUTORELEASING = YES;
				CLANG_WARN_BOOL_CONVERSION = YES;
				CLANG_WARN_COMMA = YES;
				CLANG_WARN_CONSTANT_CONVERSION = YES;
				CLANG_WARN_DEPRECATED_OBJC_IMPLEMENTATIONS = YES;
				CLANG_WARN_DIRECT_OBJC_ISA_USAGE = YES_ERROR;
				CLANG_WARN_DOCUMENTATION_COMMENTS = YES;
				CLANG_WARN_EMPTY_BODY = YES;
				CLANG_WARN_ENUM_CONVERSION = YES;
				CLANG_WARN_INFINITE_RECURSION = YES;
				CLANG_WARN_INT_CONVERSION = YES;
				CLANG_WARN_NON_LITERAL_NULL_CONVERSION = YES;
				CLANG_WARN_OBJC_IMPLICIT_RETAIN_SELF = YES;
				CLANG_WARN_OBJC_LITERAL_CONVERSION = YES;
				CLANG_WARN_OBJC_ROOT_CLASS = YES_ERROR;
				CLANG_WARN_QUOTED_INCLUDE_IN_FRAMEWORK_HEADER = YES;
				CLANG_WARN_RANGE_LOOP_ANALYSIS = YES;
				CLANG_WARN_STRICT_PROTOTYPES = YES;
				CLANG_WARN_SUSPICIOUS_MOVE = YES;
				CLANG_WARN_UNGUARDED_AVAILABILITY = YES_AGGRESSIVE;
				CLANG_WARN_UNREACHABLE_CODE = YES;
				CLANG_WARN__DUPLICATE_METHOD_MATCH = YES;
				COPY_PHASE_STRIP = NO;
				DEBUG_INFORMATION_FORMAT = "dwarf-with-dsym";
				ENABLE_NS_ASSERTIONS = NO;
				ENABLE_STRICT_OBJC_MSGSEND = YES;
				GCC_C_LANGUAGE_STANDARD = gnu11;
				GCC_NO_COMMON_BLOCKS = YES;
				GCC_WARN_64_TO_32_BIT_CONVERSION = YES;
				GCC_WARN_ABOUT_RETURN_TYPE = YES_ERROR;
				GCC_WARN_UNDECLARED_SELECTOR = YES;
				GCC_WARN_UNINITIALIZED_AUTOS = YES_AGGRESSIVE;
				GCC_WARN_UNUSED_FUNCTION = YES;
				GCC_WARN_UNUSED_VARIABLE = YES;
				MACOSX_DEPLOYMENT_TARGET = 10.15;
				MTL_ENABLE_DEBUG_INFO = NO;
				MTL_FAST_MATH = YES;
				SDKROOT = macosx;
			};
			name = Release;
		};
		925471C925C9FA8E007D50DB /* Debug */ = {
			isa = XCBuildConfiguration;
			buildSettings = {
				CLANG_CXX_LANGUAGE_STANDARD = "c++23";
				CODE_SIGN_STYLE = Automatic;
				DEVELOPMENT_TEAM = "";
				ENABLE_HARDENED_RUNTIME = NO;
				GCC_C_LANGUAGE_STANDARD = gnu17;
				GCC_OPTIMIZATION_LEVEL = 3;
				MACOSX_DEPLOYMENT_TARGET = 14.6;
				OTHER_CPLUSPLUSFLAGS = (
					"$(OTHER_CFLAGS)",
					"-D",
					"__MACOSX_CORE__=1",
					"-D",
					"HAVE_GETTIMEOFDAY=1",
				);
				PRODUCT_NAME = "$(TARGET_NAME)";
			};
			name = Debug;
		};
		925471CA25C9FA8E007D50DB /* Release */ = {
			isa = XCBuildConfiguration;
			buildSettings = {
				CLANG_CXX_LANGUAGE_STANDARD = "c++23";
				CODE_SIGN_STYLE = Automatic;
				DEVELOPMENT_TEAM = "";
				ENABLE_HARDENED_RUNTIME = NO;
				GCC_C_LANGUAGE_STANDARD = gnu17;
				GCC_OPTIMIZATION_LEVEL = 3;
				MACOSX_DEPLOYMENT_TARGET = 14.6;
				OTHER_CPLUSPLUSFLAGS = (
					"$(OTHER_CFLAGS)",
					"-D",
					"__MACOSX_CORE__=1",
					"-D",
					"HAVE_GETTIMEOFDAY=1",
				);
				PRODUCT_NAME = "$(TARGET_NAME)";
			};
			name = Release;
		};
/* End XCBuildConfiguration section */

/* Begin XCConfigurationList section */
		925471BC25C9FA8E007D50DB /* Build configuration list for PBXProject "new_jscs_engine_one_file" */ = {
			isa = XCConfigurationList;
			buildConfigurations = (
				925471C625C9FA8E007D50DB /* Debug */,
				925471C725C9FA8E007D50DB /* Release */,
			);
			defaultConfigurationIsVisible = 0;
			defaultConfigurationName = Release;
		};
		925471C825C9FA8E007D50DB /* Build configuration list for PBXNativeTarget "new_jscs_engine_one_file" */ = {
			isa = XCConfigurationList;
			buildConfigurations = (
				925471C925C9FA8E007D50DB /* Debug */,
				925471CA25C9FA8E007D50DB /* Release */,
			);
			defaultConfigurationIsVisible = 0;
			defaultConfigurationName = Release;
		};
/* End XCConfigurationList section */
	};
	rootObject = 925471B925C9FA8E007D50DB /* Project object */;
}
